
Microsoft Visual Studio Solution File, Format Version 12.00
# Visual Studio 14
VisualStudioVersion = 14.0.25420.1
MinimumVisualStudioVersion = 10.0.40219.1
Project("{2150E333-8FDC-42A3-9474-1A3956D46DE8}") = "Engine", "Engine", "{68E30A40-99CB-481A-870F-F487B555F6C8}"
EndProject
Project("{2150E333-8FDC-42A3-9474-1A3956D46DE8}") = "Games", "Games", "{B38E93E3-C94B-4116-B6A7-579031770B63}"
EndProject
Project("{8BC9CEB8-8B4A-11D0-8D11-00A0C91BC942}") = "UE4", "Intermediate\ProjectFiles\UE4.vcxproj", "{46550578-6242-4C1C-9A2C-B8DEBA16F122}"
EndProject
Project("{8BC9CEB8-8B4A-11D0-8D11-00A0C91BC942}") = "projectllama", "Intermediate\ProjectFiles\projectllama.vcxproj", "{BB9EADCF-4CF1-4767-863F-80194B81C80D}"
EndProject
Global
	GlobalSection(SolutionConfigurationPlatforms) = preSolution
		DebugGame Editor|HTML5 = DebugGame Editor|HTML5
		DebugGame Editor|Win32 = DebugGame Editor|Win32
		DebugGame Editor|Win64 = DebugGame Editor|Win64
		DebugGame|HTML5 = DebugGame|HTML5
		DebugGame|Win32 = DebugGame|Win32
		DebugGame|Win64 = DebugGame|Win64
		Development Editor|HTML5 = Development Editor|HTML5
		Development Editor|Win32 = Development Editor|Win32
		Development Editor|Win64 = Development Editor|Win64
		Development|HTML5 = Development|HTML5
		Development|Win32 = Development|Win32
		Development|Win64 = Development|Win64
		Shipping|HTML5 = Shipping|HTML5
		Shipping|Win32 = Shipping|Win32
		Shipping|Win64 = Shipping|Win64
	EndGlobalSection
	GlobalSection(ProjectConfigurationPlatforms) = postSolution
		{46550578-6242-4C1C-9A2C-B8DEBA16F122}.DebugGame Editor|HTML5.ActiveCfg = BuiltWithUnrealBuildTool|Win32
		{46550578-6242-4C1C-9A2C-B8DEBA16F122}.DebugGame Editor|HTML5.Build.0 = BuiltWithUnrealBuildTool|Win32
		{46550578-6242-4C1C-9A2C-B8DEBA16F122}.DebugGame Editor|Win32.ActiveCfg = BuiltWithUnrealBuildTool|Win32
		{46550578-6242-4C1C-9A2C-B8DEBA16F122}.DebugGame Editor|Win32.Build.0 = BuiltWithUnrealBuildTool|Win32
		{46550578-6242-4C1C-9A2C-B8DEBA16F122}.DebugGame Editor|Win64.ActiveCfg = BuiltWithUnrealBuildTool|Win32
		{46550578-6242-4C1C-9A2C-B8DEBA16F122}.DebugGame Editor|Win64.Build.0 = BuiltWithUnrealBuildTool|Win32
		{46550578-6242-4C1C-9A2C-B8DEBA16F122}.DebugGame|HTML5.ActiveCfg = BuiltWithUnrealBuildTool|Win32
		{46550578-6242-4C1C-9A2C-B8DEBA16F122}.DebugGame|HTML5.Build.0 = BuiltWithUnrealBuildTool|Win32
		{46550578-6242-4C1C-9A2C-B8DEBA16F122}.DebugGame|Win32.ActiveCfg = BuiltWithUnrealBuildTool|Win32
		{46550578-6242-4C1C-9A2C-B8DEBA16F122}.DebugGame|Win32.Build.0 = BuiltWithUnrealBuildTool|Win32
		{46550578-6242-4C1C-9A2C-B8DEBA16F122}.DebugGame|Win64.ActiveCfg = BuiltWithUnrealBuildTool|Win32
		{46550578-6242-4C1C-9A2C-B8DEBA16F122}.DebugGame|Win64.Build.0 = BuiltWithUnrealBuildTool|Win32
		{46550578-6242-4C1C-9A2C-B8DEBA16F122}.Development Editor|HTML5.ActiveCfg = BuiltWithUnrealBuildTool|Win32
		{46550578-6242-4C1C-9A2C-B8DEBA16F122}.Development Editor|HTML5.Build.0 = BuiltWithUnrealBuildTool|Win32
		{46550578-6242-4C1C-9A2C-B8DEBA16F122}.Development Editor|Win32.ActiveCfg = BuiltWithUnrealBuildTool|Win32
		{46550578-6242-4C1C-9A2C-B8DEBA16F122}.Development Editor|Win32.Build.0 = BuiltWithUnrealBuildTool|Win32
		{46550578-6242-4C1C-9A2C-B8DEBA16F122}.Development Editor|Win64.ActiveCfg = BuiltWithUnrealBuildTool|Win32
		{46550578-6242-4C1C-9A2C-B8DEBA16F122}.Development Editor|Win64.Build.0 = BuiltWithUnrealBuildTool|Win32
		{46550578-6242-4C1C-9A2C-B8DEBA16F122}.Development|HTML5.ActiveCfg = BuiltWithUnrealBuildTool|Win32
		{46550578-6242-4C1C-9A2C-B8DEBA16F122}.Development|HTML5.Build.0 = BuiltWithUnrealBuildTool|Win32
		{46550578-6242-4C1C-9A2C-B8DEBA16F122}.Development|Win32.ActiveCfg = BuiltWithUnrealBuildTool|Win32
		{46550578-6242-4C1C-9A2C-B8DEBA16F122}.Development|Win32.Build.0 = BuiltWithUnrealBuildTool|Win32
		{46550578-6242-4C1C-9A2C-B8DEBA16F122}.Development|Win64.ActiveCfg = BuiltWithUnrealBuildTool|Win32
		{46550578-6242-4C1C-9A2C-B8DEBA16F122}.Development|Win64.Build.0 = BuiltWithUnrealBuildTool|Win32
		{46550578-6242-4C1C-9A2C-B8DEBA16F122}.Shipping|HTML5.ActiveCfg = BuiltWithUnrealBuildTool|Win32
		{46550578-6242-4C1C-9A2C-B8DEBA16F122}.Shipping|HTML5.Build.0 = BuiltWithUnrealBuildTool|Win32
		{46550578-6242-4C1C-9A2C-B8DEBA16F122}.Shipping|Win32.ActiveCfg = BuiltWithUnrealBuildTool|Win32
		{46550578-6242-4C1C-9A2C-B8DEBA16F122}.Shipping|Win32.Build.0 = BuiltWithUnrealBuildTool|Win32
		{46550578-6242-4C1C-9A2C-B8DEBA16F122}.Shipping|Win64.ActiveCfg = BuiltWithUnrealBuildTool|Win32
		{46550578-6242-4C1C-9A2C-B8DEBA16F122}.Shipping|Win64.Build.0 = BuiltWithUnrealBuildTool|Win32
		{BB9EADCF-4CF1-4767-863F-80194B81C80D}.DebugGame Editor|HTML5.ActiveCfg = HTML5_DebugGame_Editor|Win32
		{BB9EADCF-4CF1-4767-863F-80194B81C80D}.DebugGame Editor|Win32.ActiveCfg = DebugGame_Editor|Win32
		{BB9EADCF-4CF1-4767-863F-80194B81C80D}.DebugGame Editor|Win64.ActiveCfg = DebugGame_Editor|x64
		{BB9EADCF-4CF1-4767-863F-80194B81C80D}.DebugGame Editor|Win64.Build.0 = DebugGame_Editor|x64
		{BB9EADCF-4CF1-4767-863F-80194B81C80D}.DebugGame|HTML5.ActiveCfg = HTML5_DebugGame_Game|Win32
		{BB9EADCF-4CF1-4767-863F-80194B81C80D}.DebugGame|HTML5.Build.0 = HTML5_DebugGame_Game|Win32
		{BB9EADCF-4CF1-4767-863F-80194B81C80D}.DebugGame|Win32.ActiveCfg = DebugGame_Game|Win32
		{BB9EADCF-4CF1-4767-863F-80194B81C80D}.DebugGame|Win32.Build.0 = DebugGame_Game|Win32
		{BB9EADCF-4CF1-4767-863F-80194B81C80D}.DebugGame|Win64.ActiveCfg = DebugGame_Game|x64
		{BB9EADCF-4CF1-4767-863F-80194B81C80D}.DebugGame|Win64.Build.0 = DebugGame_Game|x64
		{BB9EADCF-4CF1-4767-863F-80194B81C80D}.Development Editor|HTML5.ActiveCfg = HTML5_Development_Editor|Win32
		{BB9EADCF-4CF1-4767-863F-80194B81C80D}.Development Editor|Win32.ActiveCfg = Development_Editor|Win32
		{BB9EADCF-4CF1-4767-863F-80194B81C80D}.Development Editor|Win64.ActiveCfg = Development_Editor|x64
		{BB9EADCF-4CF1-4767-863F-80194B81C80D}.Development Editor|Win64.Build.0 = Development_Editor|x64
		{BB9EADCF-4CF1-4767-863F-80194B81C80D}.Development|HTML5.ActiveCfg = HTML5_Development_Game|Win32
		{BB9EADCF-4CF1-4767-863F-80194B81C80D}.Development|HTML5.Build.0 = HTML5_Development_Game|Win32
		{BB9EADCF-4CF1-4767-863F-80194B81C80D}.Development|Win32.ActiveCfg = Development_Game|Win32
		{BB9EADCF-4CF1-4767-863F-80194B81C80D}.Development|Win32.Build.0 = Development_Game|Win32
		{BB9EADCF-4CF1-4767-863F-80194B81C80D}.Development|Win64.ActiveCfg = Development_Game|x64
		{BB9EADCF-4CF1-4767-863F-80194B81C80D}.Development|Win64.Build.0 = Development_Game|x64
		{BB9EADCF-4CF1-4767-863F-80194B81C80D}.Shipping|HTML5.ActiveCfg = HTML5_Shipping_Game|Win32
		{BB9EADCF-4CF1-4767-863F-80194B81C80D}.Shipping|HTML5.Build.0 = HTML5_Shipping_Game|Win32
		{BB9EADCF-4CF1-4767-863F-80194B81C80D}.Shipping|Win32.ActiveCfg = Shipping_Game|Win32
		{BB9EADCF-4CF1-4767-863F-80194B81C80D}.Shipping|Win32.Build.0 = Shipping_Game|Win32
		{BB9EADCF-4CF1-4767-863F-80194B81C80D}.Shipping|Win64.ActiveCfg = Shipping_Game|x64
		{BB9EADCF-4CF1-4767-863F-80194B81C80D}.Shipping|Win64.Build.0 = Shipping_Game|x64
	EndGlobalSection
	GlobalSection(SolutionProperties) = preSolution
		HideSolutionNode = FALSE
	EndGlobalSection
	GlobalSection(NestedProjects) = preSolution
		{46550578-6242-4C1C-9A2C-B8DEBA16F122} = {68E30A40-99CB-481A-870F-F487B555F6C8}
		{BB9EADCF-4CF1-4767-863F-80194B81C80D} = {B38E93E3-C94B-4116-B6A7-579031770B63}
	EndGlobalSection
EndGlobal
